
Microsoft Visual Studio Solution File, Format Version 12.00
# Visual Studio Version 17
VisualStudioVersion = 17.5.33627.172
MinimumVisualStudioVersion = 10.0.40219.1
Project("{FAE04EC0-301F-11D3-BF4B-00C04F79EFBC}") = "SharpCode.PerformanceCounterApi.Pi4", "SharpCode.PerformanceCounterApi.Pi4\SharpCode.PerformanceCounterApi.Pi4.csproj", "{7076C3ED-ECED-4A00-A1BF-695D3518469C}"
EndProject
Project("{FAE04EC0-301F-11D3-BF4B-00C04F79EFBC}") = "SharpCode.PerformanceCounterApi.Api", "SharpCode.PerformanceCounterApi.Api\SharpCode.PerformanceCounterApi.Api.csproj", "{3692C189-CEC9-4870-8BB1-86E84E602AA2}"
EndProject
Global
	GlobalSection(SolutionConfigurationPlatforms) = preSolution
		Debug|Any CPU = Debug|Any CPU
		Release|Any CPU = Release|Any CPU
	EndGlobalSection
	GlobalSection(ProjectConfigurationPlatforms) = postSolution
		{7076C3ED-ECED-4A00-A1BF-695D3518469C}.Debug|Any CPU.ActiveCfg = Debug|Any CPU
		{7076C3ED-ECED-4A00-A1BF-695D3518469C}.Debug|Any CPU.Build.0 = Debug|Any CPU
		{7076C3ED-ECED-4A00-A1BF-695D3518469C}.Release|Any CPU.ActiveCfg = Release|Any CPU
		{7076C3ED-ECED-4A00-A1BF-695D3518469C}.Release|Any CPU.Build.0 = Release|Any CPU
		{3692C189-CEC9-4870-8BB1-86E84E602AA2}.Debug|Any CPU.ActiveCfg = Debug|Any CPU
		{3692C189-CEC9-4870-8BB1-86E84E602AA2}.Debug|Any CPU.Build.0 = Debug|Any CPU
		{3692C189-CEC9-4870-8BB1-86E84E602AA2}.Release|Any CPU.ActiveCfg = Release|Any CPU
		{3692C189-CEC9-4870-8BB1-86E84E602AA2}.Release|Any CPU.Build.0 = Release|Any CPU
	EndGlobalSection
	GlobalSection(SolutionProperties) = preSolution
		HideSolutionNode = FALSE
	EndGlobalSection
	GlobalSection(ExtensibilityGlobals) = postSolution
		SolutionGuid = {787750E1-618F-4CB1-BAD7-1889BE05DFEE}
	EndGlobalSection
EndGlobal
